
Microsoft Visual Studio Solution File, Format Version 12.00
# Visual Studio Version 17
VisualStudioVersion = 17.9.34607.119
MinimumVisualStudioVersion = 10.0.40219.1
Project("{9A19103F-16F7-4668-BE54-9A1E7A4F7556}") = "ClientApp", "ClientApp\ClientApp.csproj", "{A1669576-1F44-4D80-88EA-B05128B91854}"
EndProject
Project("{9A19103F-16F7-4668-BE54-9A1E7A4F7556}") = "ServerApp", "ServerApp\ServerApp.csproj", "{19BE7E21-EEEB-4C9A-8E2A-4CE2B8B9FE9C}"
EndProject
Project("{FAE04EC0-301F-11D3-BF4B-00C04F79EFBC}") = "ServerApp", "ServerApp\ServerApp.csproj", "{56ADE6D2-E7A7-4D83-AA99-CBAED0BBF8F3}"
EndProject
Project("{FAE04EC0-301F-11D3-BF4B-00C04F79EFBC}") = "Shared", "Shared\Shared.csproj", "{0DFA1618-7D9B-4001-A1F7-8D651A2638E7}"
EndProject
Global
	GlobalSection(SolutionConfigurationPlatforms) = preSolution
		Debug|Any CPU = Debug|Any CPU
		Release|Any CPU = Release|Any CPU
	EndGlobalSection
	GlobalSection(ProjectConfigurationPlatforms) = postSolution
		{A1669576-1F44-4D80-88EA-B05128B91854}.Debug|Any CPU.ActiveCfg = Debug|Any CPU
		{A1669576-1F44-4D80-88EA-B05128B91854}.Debug|Any CPU.Build.0 = Debug|Any CPU
		{A1669576-1F44-4D80-88EA-B05128B91854}.Release|Any CPU.ActiveCfg = Release|Any CPU
		{A1669576-1F44-4D80-88EA-B05128B91854}.Release|Any CPU.Build.0 = Release|Any CPU
<<<<<<< HEAD
		{19BE7E21-EEEB-4C9A-8E2A-4CE2B8B9FE9C}.Debug|Any CPU.ActiveCfg = Debug|Any CPU
		{19BE7E21-EEEB-4C9A-8E2A-4CE2B8B9FE9C}.Debug|Any CPU.Build.0 = Debug|Any CPU
		{19BE7E21-EEEB-4C9A-8E2A-4CE2B8B9FE9C}.Release|Any CPU.ActiveCfg = Release|Any CPU
		{19BE7E21-EEEB-4C9A-8E2A-4CE2B8B9FE9C}.Release|Any CPU.Build.0 = Release|Any CPU
=======
		{56ADE6D2-E7A7-4D83-AA99-CBAED0BBF8F3}.Debug|Any CPU.ActiveCfg = Debug|Any CPU
		{56ADE6D2-E7A7-4D83-AA99-CBAED0BBF8F3}.Debug|Any CPU.Build.0 = Debug|Any CPU
		{56ADE6D2-E7A7-4D83-AA99-CBAED0BBF8F3}.Release|Any CPU.ActiveCfg = Release|Any CPU
		{56ADE6D2-E7A7-4D83-AA99-CBAED0BBF8F3}.Release|Any CPU.Build.0 = Release|Any CPU
		{0DFA1618-7D9B-4001-A1F7-8D651A2638E7}.Debug|Any CPU.ActiveCfg = Debug|Any CPU
		{0DFA1618-7D9B-4001-A1F7-8D651A2638E7}.Debug|Any CPU.Build.0 = Debug|Any CPU
		{0DFA1618-7D9B-4001-A1F7-8D651A2638E7}.Release|Any CPU.ActiveCfg = Release|Any CPU
		{0DFA1618-7D9B-4001-A1F7-8D651A2638E7}.Release|Any CPU.Build.0 = Release|Any CPU
>>>>>>> efbb98dc79eef1856eec5d86c967086954149cf2
	EndGlobalSection
	GlobalSection(SolutionProperties) = preSolution
		HideSolutionNode = FALSE
	EndGlobalSection
	GlobalSection(ExtensibilityGlobals) = postSolution
		SolutionGuid = {1F069A78-5DB7-433B-828E-FF7AA284F0C4}
	EndGlobalSection
EndGlobal
