
Microsoft Visual Studio Solution File, Format Version 12.00
# Visual Studio Version 17
VisualStudioVersion = 17.9.34607.119
MinimumVisualStudioVersion = 10.0.40219.1
Project("{FAE04EC0-301F-11D3-BF4B-00C04F79EFBC}") = "ClientApp", "ClientApp\ClientApp.csproj", "{A1669576-1F44-4D80-88EA-B05128B91854}"
EndProject
Global
	GlobalSection(SolutionConfigurationPlatforms) = preSolution
		Debug|Any CPU = Debug|Any CPU
		Release|Any CPU = Release|Any CPU
	EndGlobalSection
	GlobalSection(ProjectConfigurationPlatforms) = postSolution
		{A1669576-1F44-4D80-88EA-B05128B91854}.Debug|Any CPU.ActiveCfg = Debug|Any CPU
		{A1669576-1F44-4D80-88EA-B05128B91854}.Debug|Any CPU.Build.0 = Debug|Any CPU
		{A1669576-1F44-4D80-88EA-B05128B91854}.Release|Any CPU.ActiveCfg = Release|Any CPU
		{A1669576-1F44-4D80-88EA-B05128B91854}.Release|Any CPU.Build.0 = Release|Any CPU
	EndGlobalSection
	GlobalSection(SolutionProperties) = preSolution
		HideSolutionNode = FALSE
	EndGlobalSection
	GlobalSection(ExtensibilityGlobals) = postSolution
		SolutionGuid = {1F069A78-5DB7-433B-828E-FF7AA284F0C4}
	EndGlobalSection
EndGlobal
